PODS:
  - Alamofire (4.8.1)
  - KeychainAccess (3.1.2)
  - Moya (12.0.1):
    - Moya/Core (= 12.0.1)
  - Moya/Core (12.0.1):
    - Alamofire (~> 4.1)
    - Result (~> 4.0)
  - Result (4.1.0)
  - RxAtomic (4.4.2)
  - RxCocoa (4.4.2):
    - RxSwift (>= 4.4.2, ~> 4.4)
  - RxSwift (4.4.2):
    - RxAtomic (>= 4.4.2, ~> 4.4)
  - URLNavigator (2.1.0)

DEPENDENCIES:
  - KeychainAccess
  - Moya (~> 12.0)
  - RxCocoa (~> 4.0)
  - RxSwift (~> 4.0)
  - URLNavigator

SPEC REPOS:
  https://github.com/cocoapods/specs.git:
    - Alamofire
    - KeychainAccess
    - Moya
    - Result
    - RxAtomic
    - RxCocoa
    - RxSwift
    - URLNavigator

SPEC CHECKSUMS:
  Alamofire: 16ce2c353fb72865124ddae8a57c5942388f4f11
  KeychainAccess: b3816fddcf28aa29d94b10ec305cd52be14c472b
  Moya: cf730b3cd9e005401ef37a85143aa141a12fd38f
  Result: bd966fac789cc6c1563440b348ab2598cc24d5c7
  RxAtomic: d00e97c10db88c6f08540e0bf2752fc5a2404167
  RxCocoa: 477990dc3b4c3ff55fb0ac77e1cc06244e0aaec8
  RxSwift: 74c29b693c8e42b0f64400e8b06564575742d649
  URLNavigator: e8cea3835b3456d7876eb728831e742273c8d209

PODFILE CHECKSUM: 27ed8c705297422464f92e6b5253cccb52bb0a3f

COCOAPODS: 1.6.0
