// !$*UTF8*$!
{
	archiveVersion = 1;
	classes = {
	};
	objectVersion = 50;
	objects = {

/* Begin PBXBuildFile section */
		E665D6D52241851B0060B760 /* AppDelegate.swift in Sources */ = {isa = PBXBuildFile; fileRef = E665D6D42241851B0060B760 /* AppDelegate.swift */; };
		E665D6D72241851B0060B760 /* ViewController.swift in Sources */ = {isa = PBXBuildFile; fileRef = E665D6D62241851B0060B760 /* ViewController.swift */; };
		E665D6DA2241851B0060B760 /* Main.storyboard in Resources */ = {isa = PBXBuildFile; fileRef = E665D6D82241851B0060B760 /* Main.storyboard */; };
		E665D6DC2241851B0060B760 /* Assets.xcassets in Resources */ = {isa = PBXBuildFile; fileRef = E665D6DB2241851B0060B760 /* Assets.xcassets */; };
		E665D6DF2241851B0060B760 /* LaunchScreen.storyboard in Resources */ = {isa = PBXBuildFile; fileRef = E665D6DD2241851B0060B760 /* LaunchScreen.storyboard */; };
		E665D6EA2241851B0060B760 /* bifrost_sampleTests.swift in Sources */ = {isa = PBXBuildFile; fileRef = E665D6E92241851B0060B760 /* bifrost_sampleTests.swift */; };
		E665D6F52241851B0060B760 /* bifrost_sampleUITests.swift in Sources */ = {isa = PBXBuildFile; fileRef = E665D6F42241851B0060B760 /* bifrost_sampleUITests.swift */; };
/* End PBXBuildFile section */

/* Begin PBXContainerItemProxy section */
		E665D6E62241851B0060B760 /* PBXContainerItemProxy */ = {
			isa = PBXContainerItemProxy;
			containerPortal = E665D6C92241851B0060B760 /* Project object */;
			proxyType = 1;
			remoteGlobalIDString = E665D6D02241851B0060B760;
			remoteInfo = "bifrost-sample";
		};
		E665D6F12241851B0060B760 /* PBXContainerItemProxy */ = {
			isa = PBXContainerItemProxy;
			containerPortal = E665D6C92241851B0060B760 /* Project object */;
			proxyType = 1;
			remoteGlobalIDString = E665D6D02241851B0060B760;
			remoteInfo = "bifrost-sample";
		};
/* End PBXContainerItemProxy section */

/* Begin PBXFileReference section */
		E665D6D12241851B0060B760 /* bifrost-sample.app */ = {isa = PBXFileReference; explicitFileType = wrapper.application; includeInIndex = 0; path = "bifrost-sample.app"; sourceTree = BUILT_PRODUCTS_DIR; };
		E665D6D42241851B0060B760 /* AppDelegate.swift */ = {isa = PBXFileReference; lastKnownFileType = sourcecode.swift; path = AppDelegate.swift; sourceTree = "<group>"; };
		E665D6D62241851B0060B760 /* ViewController.swift */ = {isa = PBXFileReference; lastKnownFileType = sourcecode.swift; path = ViewController.swift; sourceTree = "<group>"; };
		E665D6D92241851B0060B760 /* Base */ = {isa = PBXFileReference; lastKnownFileType = file.storyboard; name = Base; path = Base.lproj/Main.storyboard; sourceTree = "<group>"; };
		E665D6DB2241851B0060B760 /* Assets.xcassets */ = {isa = PBXFileReference; lastKnownFileType = folder.assetcatalog; path = Assets.xcassets; sourceTree = "<group>"; };
		E665D6DE2241851B0060B760 /* Base */ = {isa = PBXFileReference; lastKnownFileType = file.storyboard; name = Base; path = Base.lproj/LaunchScreen.storyboard; sourceTree = "<group>"; };
		E665D6E02241851B0060B760 /* Info.plist */ = {isa = PBXFileReference; lastKnownFileType = text.plist.xml; path = Info.plist; sourceTree = "<group>"; };
		E665D6E52241851B0060B760 /* bifrost-sampleTests.xctest */ = {isa = PBXFileReference; explicitFileType = wrapper.cfbundle; includeInIndex = 0; path = "bifrost-sampleTests.xctest"; sourceTree = BUILT_PRODUCTS_DIR; };
		E665D6E92241851B0060B760 /* bifrost_sampleTests.swift */ = {isa = PBXFileReference; lastKnownFileType = sourcecode.swift; path = bifrost_sampleTests.swift; sourceTree = "<group>"; };
		E665D6EB2241851B0060B760 /* Info.plist */ = {isa = PBXFileReference; lastKnownFileType = text.plist.xml; path = Info.plist; sourceTree = "<group>"; };
		E665D6F02241851B0060B760 /* bifrost-sampleUITests.xctest */ = {isa = PBXFileReference; explicitFileType = wrapper.cfbundle; includeInIndex = 0; path = "bifrost-sampleUITests.xctest"; sourceTree = BUILT_PRODUCTS_DIR; };
		E665D6F42241851B0060B760 /* bifrost_sampleUITests.swift */ = {isa = PBXFileReference; lastKnownFileType = sourcecode.swift; path = bifrost_sampleUITests.swift; sourceTree = "<group>"; };
		E665D6F62241851B0060B760 /* Info.plist */ = {isa = PBXFileReference; lastKnownFileType = text.plist.xml; path = Info.plist; sourceTree = "<group>"; };
/* End PBXFileReference section */

/* Begin PBXFrameworksBuildPhase section */
		E665D6CE2241851B0060B760 /* Frameworks */ = {
			isa = PBXFrameworksBuildPhase;
			buildActionMask = 2147483647;
			files = (
			);
			runOnlyForDeploymentPostprocessing = 0;
		};
		E665D6E22241851B0060B760 /* Frameworks */ = {
			isa = PBXFrameworksBuildPhase;
			buildActionMask = 2147483647;
			files = (
			);
			runOnlyForDeploymentPostprocessing = 0;
		};
		E665D6ED2241851B0060B760 /* Frameworks */ = {
			isa = PBXFrameworksBuildPhase;
			buildActionMask = 2147483647;
			files = (
			);
			runOnlyForDeploymentPostprocessing = 0;
		};
/* End PBXFrameworksBuildPhase section */

/* Begin PBXGroup section */
		E665D6C82241851B0060B760 = {
			isa = PBXGroup;
			children = (
				E665D6D32241851B0060B760 /* bifrost-sample */,
				E665D6E82241851B0060B760 /* bifrost-sampleTests */,
				E665D6F32241851B0060B760 /* bifrost-sampleUITests */,
				E665D6D22241851B0060B760 /* Products */,
			);
			sourceTree = "<group>";
		};
		E665D6D22241851B0060B760 /* Products */ = {
			isa = PBXGroup;
			children = (
				E665D6D12241851B0060B760 /* bifrost-sample.app */,
				E665D6E52241851B0060B760 /* bifrost-sampleTests.xctest */,
				E665D6F02241851B0060B760 /* bifrost-sampleUITests.xctest */,
			);
			name = Products;
			sourceTree = "<group>";
		};
		E665D6D32241851B0060B760 /* bifrost-sample */ = {
			isa = PBXGroup;
			children = (
				E665D6D42241851B0060B760 /* AppDelegate.swift */,
				E665D6D62241851B0060B760 /* ViewController.swift */,
				E665D6D82241851B0060B760 /* Main.storyboard */,
				E665D6DB2241851B0060B760 /* Assets.xcassets */,
				E665D6DD2241851B0060B760 /* LaunchScreen.storyboard */,
				E665D6E02241851B0060B760 /* Info.plist */,
			);
			path = "bifrost-sample";
			sourceTree = "<group>";
		};
		E665D6E82241851B0060B760 /* bifrost-sampleTests */ = {
			isa = PBXGroup;
			children = (
				E665D6E92241851B0060B760 /* bifrost_sampleTests.swift */,
				E665D6EB2241851B0060B760 /* Info.plist */,
			);
			path = "bifrost-sampleTests";
			sourceTree = "<group>";
		};
		E665D6F32241851B0060B760 /* bifrost-sampleUITests */ = {
			isa = PBXGroup;
			children = (
				E665D6F42241851B0060B760 /* bifrost_sampleUITests.swift */,
				E665D6F62241851B0060B760 /* Info.plist */,
			);
			path = "bifrost-sampleUITests";
			sourceTree = "<group>";
		};
/* End PBXGroup section */

/* Begin PBXNativeTarget section */
		E665D6D02241851B0060B760 /* bifrost-sample */ = {
			isa = PBXNativeTarget;
			buildConfigurationList = E665D6F92241851B0060B760 /* Build configuration list for PBXNativeTarget "bifrost-sample" */;
			buildPhases = (
				E665D6CD2241851B0060B760 /* Sources */,
				E665D6CE2241851B0060B760 /* Frameworks */,
				E665D6CF2241851B0060B760 /* Resources */,
			);
			buildRules = (
			);
			dependencies = (
			);
			name = "bifrost-sample";
			productName = "bifrost-sample";
			productReference = E665D6D12241851B0060B760 /* bifrost-sample.app */;
			productType = "com.apple.product-type.application";
		};
		E665D6E42241851B0060B760 /* bifrost-sampleTests */ = {
			isa = PBXNativeTarget;
			buildConfigurationList = E665D6FC2241851B0060B760 /* Build configuration list for PBXNativeTarget "bifrost-sampleTests" */;
			buildPhases = (
				E665D6E12241851B0060B760 /* Sources */,
				E665D6E22241851B0060B760 /* Frameworks */,
				E665D6E32241851B0060B760 /* Resources */,
			);
			buildRules = (
			);
			dependencies = (
				E665D6E72241851B0060B760 /* PBXTargetDependency */,
			);
			name = "bifrost-sampleTests";
			productName = "bifrost-sampleTests";
			productReference = E665D6E52241851B0060B760 /* bifrost-sampleTests.xctest */;
			productType = "com.apple.product-type.bundle.unit-test";
		};
		E665D6EF2241851B0060B760 /* bifrost-sampleUITests */ = {
			isa = PBXNativeTarget;
			buildConfigurationList = E665D6FF2241851B0060B760 /* Build configuration list for PBXNativeTarget "bifrost-sampleUITests" */;
			buildPhases = (
				E665D6EC2241851B0060B760 /* Sources */,
				E665D6ED2241851B0060B760 /* Frameworks */,
				E665D6EE2241851B0060B760 /* Resources */,
			);
			buildRules = (
			);
			dependencies = (
				E665D6F22241851B0060B760 /* PBXTargetDependency */,
			);
			name = "bifrost-sampleUITests";
			productName = "bifrost-sampleUITests";
			productReference = E665D6F02241851B0060B760 /* bifrost-sampleUITests.xctest */;
			productType = "com.apple.product-type.bundle.ui-testing";
		};
/* End PBXNativeTarget section */

/* Begin PBXProject section */
		E665D6C92241851B0060B760 /* Project object */ = {
			isa = PBXProject;
			attributes = {
				LastSwiftUpdateCheck = 1010;
				LastUpgradeCheck = 1010;
				ORGANIZATIONNAME = "Dennis Merli";
				TargetAttributes = {
					E665D6D02241851B0060B760 = {
						CreatedOnToolsVersion = 10.1;
					};
					E665D6E42241851B0060B760 = {
						CreatedOnToolsVersion = 10.1;
						TestTargetID = E665D6D02241851B0060B760;
					};
					E665D6EF2241851B0060B760 = {
						CreatedOnToolsVersion = 10.1;
						TestTargetID = E665D6D02241851B0060B760;
					};
				};
			};
			buildConfigurationList = E665D6CC2241851B0060B760 /* Build configuration list for PBXProject "bifrost-sample" */;
			compatibilityVersion = "Xcode 9.3";
			developmentRegion = en;
			hasScannedForEncodings = 0;
			knownRegions = (
				en,
				Base,
			);
			mainGroup = E665D6C82241851B0060B760;
			productRefGroup = E665D6D22241851B0060B760 /* Products */;
			projectDirPath = "";
			projectRoot = "";
			targets = (
				E665D6D02241851B0060B760 /* bifrost-sample */,
				E665D6E42241851B0060B760 /* bifrost-sampleTests */,
				E665D6EF2241851B0060B760 /* bifrost-sampleUITests */,
			);
		};
/* End PBXProject section */

/* Begin PBXResourcesBuildPhase section */
		E665D6CF2241851B0060B760 /* Resources */ = {
			isa = PBXResourcesBuildPhase;
			buildActionMask = 2147483647;
			files = (
				E665D6DF2241851B0060B760 /* LaunchScreen.storyboard in Resources */,
				E665D6DC2241851B0060B760 /* Assets.xcassets in Resources */,
				E665D6DA2241851B0060B760 /* Main.storyboard in Resources */,
			);
			runOnlyForDeploymentPostprocessing = 0;
		};
		E665D6E32241851B0060B760 /* Resources */ = {
			isa = PBXResourcesBuildPhase;
			buildActionMask = 2147483647;
			files = (
			);
			runOnlyForDeploymentPostprocessing = 0;
		};
		E665D6EE2241851B0060B760 /* Resources */ = {
			isa = PBXResourcesBuildPhase;
			buildActionMask = 2147483647;
			files = (
			);
			runOnlyForDeploymentPostprocessing = 0;
		};
/* End PBXResourcesBuildPhase section */

/* Begin PBXSourcesBuildPhase section */
		E665D6CD2241851B0060B760 /* Sources */ = {
			isa = PBXSourcesBuildPhase;
			buildActionMask = 2147483647;
			files = (
				E665D6D72241851B0060B760 /* ViewController.swift in Sources */,
				E665D6D52241851B0060B760 /* AppDelegate.swift in Sources */,
			);
			runOnlyForDeploymentPostprocessing = 0;
		};
		E665D6E12241851B0060B760 /* Sources */ = {
			isa = PBXSourcesBuildPhase;
			buildActionMask = 2147483647;
			files = (
				E665D6EA2241851B0060B760 /* bifrost_sampleTests.swift in Sources */,
			);
			runOnlyForDeploymentPostprocessing = 0;
		};
		E665D6EC2241851B0060B760 /* Sources */ = {
			isa = PBXSourcesBuildPhase;
			buildActionMask = 2147483647;
			files = (
				E665D6F52241851B0060B760 /* bifrost_sampleUITests.swift in Sources */,
			);
			runOnlyForDeploymentPostprocessing = 0;
		};
/* End PBXSourcesBuildPhase section */

/* Begin PBXTargetDependency section */
		E665D6E72241851B0060B760 /* PBXTargetDependency */ = {
			isa = PBXTargetDependency;
			target = E665D6D02241851B0060B760 /* bifrost-sample */;
			targetProxy = E665D6E62241851B0060B760 /* PBXContainerItemProxy */;
		};
		E665D6F22241851B0060B760 /* PBXTargetDependency */ = {
			isa = PBXTargetDependency;
			target = E665D6D02241851B0060B760 /* bifrost-sample */;
			targetProxy = E665D6F12241851B0060B760 /* PBXContainerItemProxy */;
		};
/* End PBXTargetDependency section */

/* Begin PBXVariantGroup section */
		E665D6D82241851B0060B760 /* Main.storyboard */ = {
			isa = PBXVariantGroup;
			children = (
				E665D6D92241851B0060B760 /* Base */,
			);
			name = Main.storyboard;
			sourceTree = "<group>";
		};
		E665D6DD2241851B0060B760 /* LaunchScreen.storyboard */ = {
			isa = PBXVariantGroup;
			children = (
				E665D6DE2241851B0060B760 /* Base */,
			);
			name = LaunchScreen.storyboard;
			sourceTree = "<group>";
		};
/* End PBXVariantGroup section */

/* Begin XCBuildConfiguration section */
		E665D6F72241851B0060B760 /* Debug */ = {
			isa = XCBuildConfiguration;
			buildSettings = {
				ALWAYS_SEARCH_USER_PATHS = NO;
				CLANG_ANALYZER_NONNULL = YES;
				CLANG_ANALYZER_NUMBER_OBJECT_CONVERSION = YES_AGGRESSIVE;
				CLANG_CXX_LANGUAGE_STANDARD = "gnu++14";
				CLANG_CXX_LIBRARY = "libc++";
				CLANG_ENABLE_MODULES = YES;
				CLANG_ENABLE_OBJC_ARC = YES;
				CLANG_ENABLE_OBJC_WEAK = YES;
				CLANG_WARN_BLOCK_CAPTURE_AUTORELEASING = YES;
				CLANG_WARN_BOOL_CONVERSION = YES;
				CLANG_WARN_COMMA = YES;
				CLANG_WARN_CONSTANT_CONVERSION = YES;
				CLANG_WARN_DEPRECATED_OBJC_IMPLEMENTATIONS = YES;
				CLANG_WARN_DIRECT_OBJC_ISA_USAGE = YES_ERROR;
				CLANG_WARN_DOCUMENTATION_COMMENTS = YES;
				CLANG_WARN_EMPTY_BODY = YES;
				CLANG_WARN_ENUM_CONVERSION = YES;
				CLANG_WARN_INFINITE_RECURSION = YES;
				CLANG_WARN_INT_CONVERSION = YES;
				CLANG_WARN_NON_LITERAL_NULL_CONVERSION = YES;
				CLANG_WARN_OBJC_IMPLICIT_RETAIN_SELF = YES;
				CLANG_WARN_OBJC_LITERAL_CONVERSION = YES;
				CLANG_WARN_OBJC_ROOT_CLASS = YES_ERROR;
				CLANG_WARN_RANGE_LOOP_ANALYSIS = YES;
				CLANG_WARN_STRICT_PROTOTYPES = YES;
				CLANG_WARN_SUSPICIOUS_MOVE = YES;
				CLANG_WARN_UNGUARDED_AVAILABILITY = YES_AGGRESSIVE;
				CLANG_WARN_UNREACHABLE_CODE = YES;
				CLANG_WARN__DUPLICATE_METHOD_MATCH = YES;
				CODE_SIGN_IDENTITY = "iPhone Developer";
				COPY_PHASE_STRIP = NO;
				DEBUG_INFORMATION_FORMAT = dwarf;
				ENABLE_STRICT_OBJC_MSGSEND = YES;
				ENABLE_TESTABILITY = YES;
				GCC_C_LANGUAGE_STANDARD = gnu11;
				GCC_DYNAMIC_NO_PIC = NO;
				GCC_NO_COMMON_BLOCKS = YES;
				GCC_OPTIMIZATION_LEVEL = 0;
				GCC_PREPROCESSOR_DEFINITIONS = (
					"DEBUG=1",
					"$(inherited)",
				);
				GCC_WARN_64_TO_32_BIT_CONVERSION = YES;
				GCC_WARN_ABOUT_RETURN_TYPE = YES_ERROR;
				GCC_WARN_UNDECLARED_SELECTOR = YES;
				GCC_WARN_UNINITIALIZED_AUTOS = YES_AGGRESSIVE;
				GCC_WARN_UNUSED_FUNCTION = YES;
				GCC_WARN_UNUSED_VARIABLE = YES;
				IPHONEOS_DEPLOYMENT_TARGET = 12.1;
				MTL_ENABLE_DEBUG_INFO = INCLUDE_SOURCE;
				MTL_FAST_MATH = YES;
				ONLY_ACTIVE_ARCH = YES;
				SDKROOT = iphoneos;
				SWIFT_ACTIVE_COMPILATION_CONDITIONS = DEBUG;
				SWIFT_OPTIMIZATION_LEVEL = "-Onone";
			};
			name = Debug;
		};
		E665D6F82241851B0060B760 /* Release */ = {
			isa = XCBuildConfiguration;
			buildSettings = {
				ALWAYS_SEARCH_USER_PATHS = NO;
				CLANG_ANALYZER_NONNULL = YES;
				CLANG_ANALYZER_NUMBER_OBJECT_CONVERSION = YES_AGGRESSIVE;
				CLANG_CXX_LANGUAGE_STANDARD = "gnu++14";
				CLANG_CXX_LIBRARY = "libc++";
				CLANG_ENABLE_MODULES = YES;
				CLANG_ENABLE_OBJC_ARC = YES;
				CLANG_ENABLE_OBJC_WEAK = YES;
				CLANG_WARN_BLOCK_CAPTURE_AUTORELEASING = YES;
				CLANG_WARN_BOOL_CONVERSION = YES;
				CLANG_WARN_COMMA = YES;
				CLANG_WARN_CONSTANT_CONVERSION = YES;
				CLANG_WARN_DEPRECATED_OBJC_IMPLEMENTATIONS = YES;
				CLANG_WARN_DIRECT_OBJC_ISA_USAGE = YES_ERROR;
				CLANG_WARN_DOCUMENTATION_COMMENTS = YES;
				CLANG_WARN_EMPTY_BODY = YES;
				CLANG_WARN_ENUM_CONVERSION = YES;
				CLANG_WARN_INFINITE_RECURSION = YES;
				CLANG_WARN_INT_CONVERSION = YES;
				CLANG_WARN_NON_LITERAL_NULL_CONVERSION = YES;
				CLANG_WARN_OBJC_IMPLICIT_RETAIN_SELF = YES;
				CLANG_WARN_OBJC_LITERAL_CONVERSION = YES;
				CLANG_WARN_OBJC_ROOT_CLASS = YES_ERROR;
				CLANG_WARN_RANGE_LOOP_ANALYSIS = YES;
				CLANG_WARN_STRICT_PROTOTYPES = YES;
				CLANG_WARN_SUSPICIOUS_MOVE = YES;
				CLANG_WARN_UNGUARDED_AVAILABILITY = YES_AGGRESSIVE;
				CLANG_WARN_UNREACHABLE_CODE = YES;
				CLANG_WARN__DUPLICATE_METHOD_MATCH = YES;
				CODE_SIGN_IDENTITY = "iPhone Developer";
				COPY_PHASE_STRIP = NO;
				DEBUG_INFORMATION_FORMAT = "dwarf-with-dsym";
				ENABLE_NS_ASSERTIONS = NO;
				ENABLE_STRICT_OBJC_MSGSEND = YES;
				GCC_C_LANGUAGE_STANDARD = gnu11;
				GCC_NO_COMMON_BLOCKS = YES;
				GCC_WARN_64_TO_32_BIT_CONVERSION = YES;
				GCC_WARN_ABOUT_RETURN_TYPE = YES_ERROR;
				GCC_WARN_UNDECLARED_SELECTOR = YES;
				GCC_WARN_UNINITIALIZED_AUTOS = YES_AGGRESSIVE;
				GCC_WARN_UNUSED_FUNCTION = YES;
				GCC_WARN_UNUSED_VARIABLE = YES;
				IPHONEOS_DEPLOYMENT_TARGET = 12.1;
				MTL_ENABLE_DEBUG_INFO = NO;
				MTL_FAST_MATH = YES;
				SDKROOT = iphoneos;
				SWIFT_COMPILATION_MODE = wholemodule;
				SWIFT_OPTIMIZATION_LEVEL = "-O";
				VALIDATE_PRODUCT = YES;
			};
			name = Release;
		};
		E665D6FA2241851B0060B760 /* Debug */ = {
			isa = XCBuildConfiguration;
			buildSettings = {
				ASSETCATALOG_COMPILER_APPICON_NAME = AppIcon;
				CODE_SIGN_STYLE = Automatic;
				DEVELOPMENT_TEAM = P45ZSSC9ZG;
				INFOPLIST_FILE = "bifrost-sample/Info.plist";
				LD_RUNPATH_SEARCH_PATHS = (
					"$(inherited)",
					"@executable_path/Frameworks",
				);
				PRODUCT_BUNDLE_IDENTIFIER = "com.neneds.bifrost-sample";
				PRODUCT_NAME = "$(TARGET_NAME)";
				SWIFT_VERSION = 4.2;
				TARGETED_DEVICE_FAMILY = "1,2";
			};
			name = Debug;
		};
		E665D6FB2241851B0060B760 /* Release */ = {
			isa = XCBuildConfiguration;
			buildSettings = {
				ASSETCATALOG_COMPILER_APPICON_NAME = AppIcon;
				CODE_SIGN_STYLE = Automatic;
				DEVELOPMENT_TEAM = P45ZSSC9ZG;
				INFOPLIST_FILE = "bifrost-sample/Info.plist";
				LD_RUNPATH_SEARCH_PATHS = (
					"$(inherited)",
					"@executable_path/Frameworks",
				);
				PRODUCT_BUNDLE_IDENTIFIER = "com.neneds.bifrost-sample";
				PRODUCT_NAME = "$(TARGET_NAME)";
				SWIFT_VERSION = 4.2;
				TARGETED_DEVICE_FAMILY = "1,2";
			};
			name = Release;
		};
		E665D6FD2241851B0060B760 /* Debug */ = {
			isa = XCBuildConfiguration;
			buildSettings = {
				ALWAYS_EMBED_SWIFT_STANDARD_LIBRARIES = YES;
				BUNDLE_LOADER = "$(TEST_HOST)";
				CODE_SIGN_STYLE = Automatic;
				DEVELOPMENT_TEAM = P45ZSSC9ZG;
				INFOPLIST_FILE = "bifrost-sampleTests/Info.plist";
				LD_RUNPATH_SEARCH_PATHS = (
					"$(inherited)",
					"@executable_path/Frameworks",
					"@loader_path/Frameworks",
				);
				PRODUCT_BUNDLE_IDENTIFIER = "com.neneds.bifrost-sampleTests";
				PRODUCT_NAME = "$(TARGET_NAME)";
				SWIFT_VERSION = 4.2;
				TARGETED_DEVICE_FAMILY = "1,2";
				TEST_HOST = "$(BUILT_PRODUCTS_DIR)/bifrost-sample.app/bifrost-sample";
			};
			name = Debug;
		};
		E665D6FE2241851B0060B760 /* Release */ = {
			isa = XCBuildConfiguration;
			buildSettings = {
				ALWAYS_EMBED_SWIFT_STANDARD_LIBRARIES = YES;
				BUNDLE_LOADER = "$(TEST_HOST)";
				CODE_SIGN_STYLE = Automatic;
				DEVELOPMENT_TEAM = P45ZSSC9ZG;
				INFOPLIST_FILE = "bifrost-sampleTests/Info.plist";
				LD_RUNPATH_SEARCH_PATHS = (
					"$(inherited)",
					"@executable_path/Frameworks",
					"@loader_path/Frameworks",
				);
				PRODUCT_BUNDLE_IDENTIFIER = "com.neneds.bifrost-sampleTests";
				PRODUCT_NAME = "$(TARGET_NAME)";
				SWIFT_VERSION = 4.2;
				TARGETED_DEVICE_FAMILY = "1,2";
				TEST_HOST = "$(BUILT_PRODUCTS_DIR)/bifrost-sample.app/bifrost-sample";
			};
			name = Release;
		};
		E665D7002241851B0060B760 /* Debug */ = {
			isa = XCBuildConfiguration;
			buildSettings = {
				ALWAYS_EMBED_SWIFT_STANDARD_LIBRARIES = YES;
				CODE_SIGN_STYLE = Automatic;
				DEVELOPMENT_TEAM = P45ZSSC9ZG;
				INFOPLIST_FILE = "bifrost-sampleUITests/Info.plist";
				LD_RUNPATH_SEARCH_PATHS = (
					"$(inherited)",
					"@executable_path/Frameworks",
					"@loader_path/Frameworks",
				);
				PRODUCT_BUNDLE_IDENTIFIER = "com.neneds.bifrost-sampleUITests";
				PRODUCT_NAME = "$(TARGET_NAME)";
				SWIFT_VERSION = 4.2;
				TARGETED_DEVICE_FAMILY = "1,2";
				TEST_TARGET_NAME = "bifrost-sample";
			};
			name = Debug;
		};
		E665D7012241851B0060B760 /* Release */ = {
			isa = XCBuildConfiguration;
			buildSettings = {
				ALWAYS_EMBED_SWIFT_STANDARD_LIBRARIES = YES;
				CODE_SIGN_STYLE = Automatic;
				DEVELOPMENT_TEAM = P45ZSSC9ZG;
				INFOPLIST_FILE = "bifrost-sampleUITests/Info.plist";
				LD_RUNPATH_SEARCH_PATHS = (
					"$(inherited)",
					"@executable_path/Frameworks",
					"@loader_path/Frameworks",
				);
				PRODUCT_BUNDLE_IDENTIFIER = "com.neneds.bifrost-sampleUITests";
				PRODUCT_NAME = "$(TARGET_NAME)";
				SWIFT_VERSION = 4.2;
				TARGETED_DEVICE_FAMILY = "1,2";
				TEST_TARGET_NAME = "bifrost-sample";
			};
			name = Release;
		};
/* End XCBuildConfiguration section */

/* Begin XCConfigurationList section */
		E665D6CC2241851B0060B760 /* Build configuration list for PBXProject "bifrost-sample" */ = {
			isa = XCConfigurationList;
			buildConfigurations = (
				E665D6F72241851B0060B760 /* Debug */,
				E665D6F82241851B0060B760 /* Release */,
			);
			defaultConfigurationIsVisible = 0;
			defaultConfigurationName = Release;
		};
		E665D6F92241851B0060B760 /* Build configuration list for PBXNativeTarget "bifrost-sample" */ = {
			isa = XCConfigurationList;
			buildConfigurations = (
				E665D6FA2241851B0060B760 /* Debug */,
				E665D6FB2241851B0060B760 /* Release */,
			);
			defaultConfigurationIsVisible = 0;
			defaultConfigurationName = Release;
		};
		E665D6FC2241851B0060B760 /* Build configuration list for PBXNativeTarget "bifrost-sampleTests" */ = {
			isa = XCConfigurationList;
			buildConfigurations = (
				E665D6FD2241851B0060B760 /* Debug */,
				E665D6FE2241851B0060B760 /* Release */,
			);
			defaultConfigurationIsVisible = 0;
			defaultConfigurationName = Release;
		};
		E665D6FF2241851B0060B760 /* Build configuration list for PBXNativeTarget "bifrost-sampleUITests" */ = {
			isa = XCConfigurationList;
			buildConfigurations = (
				E665D7002241851B0060B760 /* Debug */,
				E665D7012241851B0060B760 /* Release */,
			);
			defaultConfigurationIsVisible = 0;
			defaultConfigurationName = Release;
		};
/* End XCConfigurationList section */
	};
	rootObject = E665D6C92241851B0060B760 /* Project object */;
}
